
Microsoft Visual Studio Solution File, Format Version 12.00
Project("{FAE04EC0-301F-11D3-BF4B-00C04F79EFBC}") = "AltairCA.Blazor.WebAssembly.Cookie", "AltairCA.Blazor.WebAssembly.Cookie\AltairCA.Blazor.WebAssembly.Cookie.csproj", "{FC43DD38-C646-451C-8522-A2F88F92C59F}"
EndProject
Project("{FAE04EC0-301F-11D3-BF4B-00C04F79EFBC}") = "Test", "Test\Test.csproj", "{DAF4DB27-BE8C-4E6F-A441-36B086C3D2EC}"
EndProject
Global
	GlobalSection(SolutionConfigurationPlatforms) = preSolution
		Debug|Any CPU = Debug|Any CPU
		Release|Any CPU = Release|Any CPU
	EndGlobalSection
	GlobalSection(ProjectConfigurationPlatforms) = postSolution
		{FC43DD38-C646-451C-8522-A2F88F92C59F}.Debug|Any CPU.ActiveCfg = Debug|Any CPU
		{FC43DD38-C646-451C-8522-A2F88F92C59F}.Debug|Any CPU.Build.0 = Debug|Any CPU
		{FC43DD38-C646-451C-8522-A2F88F92C59F}.Release|Any CPU.ActiveCfg = Release|Any CPU
		{FC43DD38-C646-451C-8522-A2F88F92C59F}.Release|Any CPU.Build.0 = Release|Any CPU
		{DAF4DB27-BE8C-4E6F-A441-36B086C3D2EC}.Debug|Any CPU.ActiveCfg = Debug|Any CPU
		{DAF4DB27-BE8C-4E6F-A441-36B086C3D2EC}.Debug|Any CPU.Build.0 = Debug|Any CPU
		{DAF4DB27-BE8C-4E6F-A441-36B086C3D2EC}.Release|Any CPU.ActiveCfg = Release|Any CPU
		{DAF4DB27-BE8C-4E6F-A441-36B086C3D2EC}.Release|Any CPU.Build.0 = Release|Any CPU
	EndGlobalSection
EndGlobal
